
Microsoft Visual Studio Solution File, Format Version 12.00
# Visual Studio Version 17
VisualStudioVersion = 17.13.35825.156 d17.13
MinimumVisualStudioVersion = 10.0.40219.1
Project("{FAE04EC0-301F-11D3-BF4B-00C04F79EFBC}") = "BowlingGameApp", "BowlingGameApp\BowlingGameApp.csproj", "{EB856933-DECB-4790-9E9D-E62018729094}"
EndProject
Project("{FAE04EC0-301F-11D3-BF4B-00C04F79EFBC}") = "BowlingGameApp.Tests", "BowlingGameApp.Tests\BowlingGameApp.Tests.csproj", "{BA2B5F19-0621-410C-BC29-1F3CF69317F1}"
EndProject
Global
	GlobalSection(SolutionConfigurationPlatforms) = preSolution
		Debug|Any CPU = Debug|Any CPU
		Release|Any CPU = Release|Any CPU
	EndGlobalSection
	GlobalSection(ProjectConfigurationPlatforms) = postSolution
		{EB856933-DECB-4790-9E9D-E62018729094}.Debug|Any CPU.ActiveCfg = Debug|Any CPU
		{EB856933-DECB-4790-9E9D-E62018729094}.Debug|Any CPU.Build.0 = Debug|Any CPU
		{EB856933-DECB-4790-9E9D-E62018729094}.Release|Any CPU.ActiveCfg = Release|Any CPU
		{EB856933-DECB-4790-9E9D-E62018729094}.Release|Any CPU.Build.0 = Release|Any CPU
		{BA2B5F19-0621-410C-BC29-1F3CF69317F1}.Debug|Any CPU.ActiveCfg = Debug|Any CPU
		{BA2B5F19-0621-410C-BC29-1F3CF69317F1}.Debug|Any CPU.Build.0 = Debug|Any CPU
		{BA2B5F19-0621-410C-BC29-1F3CF69317F1}.Release|Any CPU.ActiveCfg = Release|Any CPU
		{BA2B5F19-0621-410C-BC29-1F3CF69317F1}.Release|Any CPU.Build.0 = Release|Any CPU
	EndGlobalSection
	GlobalSection(SolutionProperties) = preSolution
		HideSolutionNode = FALSE
	EndGlobalSection
	GlobalSection(ExtensibilityGlobals) = postSolution
		SolutionGuid = {0EF00DC5-AAA7-49BB-8A5F-B983EDB0CFBC}
	EndGlobalSection
EndGlobal
