
Microsoft Visual Studio Solution File, Format Version 12.00
# Visual Studio Version 17
VisualStudioVersion = 17.13.35825.156
MinimumVisualStudioVersion = 10.0.40219.1
Project("{FAE04EC0-301F-11D3-BF4B-00C04F79EFBC}") = "BowlingGameApp.Core", "BowlingGameApp.Core\BowlingGameApp.Core.csproj", "{5C339E79-E424-42BF-A62F-5470A2DD6A86}"
EndProject
Project("{FAE04EC0-301F-11D3-BF4B-00C04F79EFBC}") = "BowlingGameApp.Tests", "BowlingGameApp .Tests\BowlingGameApp.Tests.csproj", "{EC772165-FB75-430C-8CD7-CAF92B17A160}"
EndProject
Project("{FAE04EC0-301F-11D3-BF4B-00C04F79EFBC}") = "BowlingGameApp.Console", "BowlingGameApp.Console\BowlingGameApp.Console.csproj", "{4B9C2EC8-93F6-4A1D-A260-7CB69F95D509}"
EndProject
Project("{2150E333-8FDC-42A3-9474-1A3956D46DE8}") = "Solution Items", "Solution Items", "{8EC462FD-D22E-90A8-E5CE-7E832BA40C5D}"
	ProjectSection(SolutionItems) = preProject
		README.md = README.md
	EndProjectSection
EndProject
Global
	GlobalSection(SolutionConfigurationPlatforms) = preSolution
		Debug|Any CPU = Debug|Any CPU
		Release|Any CPU = Release|Any CPU
	EndGlobalSection
	GlobalSection(ProjectConfigurationPlatforms) = postSolution
		{5C339E79-E424-42BF-A62F-5470A2DD6A86}.Debug|Any CPU.ActiveCfg = Debug|Any CPU
		{5C339E79-E424-42BF-A62F-5470A2DD6A86}.Debug|Any CPU.Build.0 = Debug|Any CPU
		{5C339E79-E424-42BF-A62F-5470A2DD6A86}.Release|Any CPU.ActiveCfg = Release|Any CPU
		{5C339E79-E424-42BF-A62F-5470A2DD6A86}.Release|Any CPU.Build.0 = Release|Any CPU
		{EC772165-FB75-430C-8CD7-CAF92B17A160}.Debug|Any CPU.ActiveCfg = Debug|Any CPU
		{EC772165-FB75-430C-8CD7-CAF92B17A160}.Debug|Any CPU.Build.0 = Debug|Any CPU
		{EC772165-FB75-430C-8CD7-CAF92B17A160}.Release|Any CPU.ActiveCfg = Release|Any CPU
		{EC772165-FB75-430C-8CD7-CAF92B17A160}.Release|Any CPU.Build.0 = Release|Any CPU
		{4B9C2EC8-93F6-4A1D-A260-7CB69F95D509}.Debug|Any CPU.ActiveCfg = Debug|Any CPU
		{4B9C2EC8-93F6-4A1D-A260-7CB69F95D509}.Debug|Any CPU.Build.0 = Debug|Any CPU
		{4B9C2EC8-93F6-4A1D-A260-7CB69F95D509}.Release|Any CPU.ActiveCfg = Release|Any CPU
		{4B9C2EC8-93F6-4A1D-A260-7CB69F95D509}.Release|Any CPU.Build.0 = Release|Any CPU
	EndGlobalSection
	GlobalSection(SolutionProperties) = preSolution
		HideSolutionNode = FALSE
	EndGlobalSection
	GlobalSection(ExtensibilityGlobals) = postSolution
		SolutionGuid = {0EF00DC5-AAA7-49BB-8A5F-B983EDB0CFBC}
	EndGlobalSection
EndGlobal
